
Microsoft Visual Studio Solution File, Format Version 12.00
# Visual Studio Version 16
VisualStudioVersion = 16.0.31702.278
MinimumVisualStudioVersion = 10.0.40219.1
Project("{FAE04EC0-301F-11D3-BF4B-00C04F79EFBC}") = "BTS", "BTS\BTS.csproj", "{81A4EDE8-11CE-40B4-865D-4239167C02C0}"
EndProject
Global
	GlobalSection(SolutionConfigurationPlatforms) = preSolution
		Debug|Any CPU = Debug|Any CPU
		Release|Any CPU = Release|Any CPU
	EndGlobalSection
	GlobalSection(ProjectConfigurationPlatforms) = postSolution
		{81A4EDE8-11CE-40B4-865D-4239167C02C0}.Debug|Any CPU.ActiveCfg = Debug|Any CPU
		{81A4EDE8-11CE-40B4-865D-4239167C02C0}.Debug|Any CPU.Build.0 = Debug|Any CPU
		{81A4EDE8-11CE-40B4-865D-4239167C02C0}.Release|Any CPU.ActiveCfg = Release|Any CPU
		{81A4EDE8-11CE-40B4-865D-4239167C02C0}.Release|Any CPU.Build.0 = Release|Any CPU
	EndGlobalSection
	GlobalSection(SolutionProperties) = preSolution
		HideSolutionNode = FALSE
	EndGlobalSection
	GlobalSection(ExtensibilityGlobals) = postSolution
		SolutionGuid = {B3979DE1-8EC0-4002-B9E0-1974CC56CF05}
	EndGlobalSection
EndGlobal
